
Microsoft Visual Studio Solution File, Format Version 12.00
# Visual Studio Version 16
VisualStudioVersion = 16.0.32228.343
MinimumVisualStudioVersion = 10.0.40219.1
Project("{FAE04EC0-301F-11D3-BF4B-00C04F79EFBC}") = "EstoqueTv", "EstoqueTv.csproj", "{31A2A1D2-CD32-42B8-8C90-6C8D03E132A5}"
EndProject
Global
	GlobalSection(SolutionConfigurationPlatforms) = preSolution
		Debug|Any CPU = Debug|Any CPU
		Release|Any CPU = Release|Any CPU
	EndGlobalSection
	GlobalSection(ProjectConfigurationPlatforms) = postSolution
		{31A2A1D2-CD32-42B8-8C90-6C8D03E132A5}.Debug|Any CPU.ActiveCfg = Debug|Any CPU
		{31A2A1D2-CD32-42B8-8C90-6C8D03E132A5}.Debug|Any CPU.Build.0 = Debug|Any CPU
		{31A2A1D2-CD32-42B8-8C90-6C8D03E132A5}.Release|Any CPU.ActiveCfg = Release|Any CPU
		{31A2A1D2-CD32-42B8-8C90-6C8D03E132A5}.Release|Any CPU.Build.0 = Release|Any CPU
	EndGlobalSection
	GlobalSection(SolutionProperties) = preSolution
		HideSolutionNode = FALSE
	EndGlobalSection
	GlobalSection(ExtensibilityGlobals) = postSolution
		SolutionGuid = {55395F20-0E54-4231-9B00-F0FF2E692EA9}
	EndGlobalSection
EndGlobal
